
Microsoft Visual Studio Solution File, Format Version 12.00
Project("{FAE04EC0-301F-11D3-BF4B-00C04F79EFBC}") = "Entities", "Entities\Entities.csproj", "{2A7D8640-858C-4716-B6F5-0FFB57809989}"
EndProject
Project("{FAE04EC0-301F-11D3-BF4B-00C04F79EFBC}") = "DataAccess", "DataAccess\DataAccess.csproj", "{177BBE20-56C9-4208-9126-097B5C0FCA64}"
EndProject
Project("{FAE04EC0-301F-11D3-BF4B-00C04F79EFBC}") = "Business", "Business\Business.csproj", "{2885F070-45D4-4023-A701-F308878020CC}"
EndProject
Project("{FAE04EC0-301F-11D3-BF4B-00C04F79EFBC}") = "ConsoleUI", "ConsoleUI\ConsoleUI.csproj", "{21F036ED-2AB8-46BC-A16C-572D1CBD3970}"
EndProject
Project("{FAE04EC0-301F-11D3-BF4B-00C04F79EFBC}") = "Core", "Core\Core.csproj", "{D9A54CCB-563F-41BE-A09A-7305F14007C8}"
EndProject
Project("{FAE04EC0-301F-11D3-BF4B-00C04F79EFBC}") = "WebAPI", "WebAPI\WebAPI.csproj", "{975B2726-1AD5-4941-B3A3-004C8D8A91BC}"
EndProject
Global
	GlobalSection(SolutionConfigurationPlatforms) = preSolution
		Debug|Any CPU = Debug|Any CPU
		Release|Any CPU = Release|Any CPU
	EndGlobalSection
	GlobalSection(ProjectConfigurationPlatforms) = postSolution
		{2A7D8640-858C-4716-B6F5-0FFB57809989}.Debug|Any CPU.ActiveCfg = Debug|Any CPU
		{2A7D8640-858C-4716-B6F5-0FFB57809989}.Debug|Any CPU.Build.0 = Debug|Any CPU
		{2A7D8640-858C-4716-B6F5-0FFB57809989}.Release|Any CPU.ActiveCfg = Release|Any CPU
		{2A7D8640-858C-4716-B6F5-0FFB57809989}.Release|Any CPU.Build.0 = Release|Any CPU
		{177BBE20-56C9-4208-9126-097B5C0FCA64}.Debug|Any CPU.ActiveCfg = Debug|Any CPU
		{177BBE20-56C9-4208-9126-097B5C0FCA64}.Debug|Any CPU.Build.0 = Debug|Any CPU
		{177BBE20-56C9-4208-9126-097B5C0FCA64}.Release|Any CPU.ActiveCfg = Release|Any CPU
		{177BBE20-56C9-4208-9126-097B5C0FCA64}.Release|Any CPU.Build.0 = Release|Any CPU
		{2885F070-45D4-4023-A701-F308878020CC}.Debug|Any CPU.ActiveCfg = Debug|Any CPU
		{2885F070-45D4-4023-A701-F308878020CC}.Debug|Any CPU.Build.0 = Debug|Any CPU
		{2885F070-45D4-4023-A701-F308878020CC}.Release|Any CPU.ActiveCfg = Release|Any CPU
		{2885F070-45D4-4023-A701-F308878020CC}.Release|Any CPU.Build.0 = Release|Any CPU
		{21F036ED-2AB8-46BC-A16C-572D1CBD3970}.Debug|Any CPU.ActiveCfg = Debug|Any CPU
		{21F036ED-2AB8-46BC-A16C-572D1CBD3970}.Debug|Any CPU.Build.0 = Debug|Any CPU
		{21F036ED-2AB8-46BC-A16C-572D1CBD3970}.Release|Any CPU.ActiveCfg = Release|Any CPU
		{21F036ED-2AB8-46BC-A16C-572D1CBD3970}.Release|Any CPU.Build.0 = Release|Any CPU
		{D9A54CCB-563F-41BE-A09A-7305F14007C8}.Debug|Any CPU.ActiveCfg = Debug|Any CPU
		{D9A54CCB-563F-41BE-A09A-7305F14007C8}.Debug|Any CPU.Build.0 = Debug|Any CPU
		{D9A54CCB-563F-41BE-A09A-7305F14007C8}.Release|Any CPU.ActiveCfg = Release|Any CPU
		{D9A54CCB-563F-41BE-A09A-7305F14007C8}.Release|Any CPU.Build.0 = Release|Any CPU
		{975B2726-1AD5-4941-B3A3-004C8D8A91BC}.Debug|Any CPU.ActiveCfg = Debug|Any CPU
		{975B2726-1AD5-4941-B3A3-004C8D8A91BC}.Debug|Any CPU.Build.0 = Debug|Any CPU
		{975B2726-1AD5-4941-B3A3-004C8D8A91BC}.Release|Any CPU.ActiveCfg = Release|Any CPU
		{975B2726-1AD5-4941-B3A3-004C8D8A91BC}.Release|Any CPU.Build.0 = Release|Any CPU
	EndGlobalSection
EndGlobal
